
Microsoft Visual Studio Solution File, Format Version 12.00
# Visual Studio Version 16
VisualStudioVersion = 25.0.1706.0
MinimumVisualStudioVersion = 10.0.40219.1
Project("{FAE04EC0-301F-11D3-BF4B-00C04F79EFBC}") = "Invoice_Cloud_Engage_Smart_Challange", "Invoice_Cloud_Engage_Smart_Challange\Invoice_Cloud_Engage_Smart_Challange.csproj", "{E4CBD8B3-29BD-4F5C-8E18-5C8B82D309FD}"
EndProject
Global
	GlobalSection(SolutionConfigurationPlatforms) = preSolution
		Debug|Any CPU = Debug|Any CPU
		Release|Any CPU = Release|Any CPU
	EndGlobalSection
	GlobalSection(ProjectConfigurationPlatforms) = postSolution
		{E4CBD8B3-29BD-4F5C-8E18-5C8B82D309FD}.Debug|Any CPU.ActiveCfg = Debug|Any CPU
		{E4CBD8B3-29BD-4F5C-8E18-5C8B82D309FD}.Debug|Any CPU.Build.0 = Debug|Any CPU
		{E4CBD8B3-29BD-4F5C-8E18-5C8B82D309FD}.Release|Any CPU.ActiveCfg = Release|Any CPU
		{E4CBD8B3-29BD-4F5C-8E18-5C8B82D309FD}.Release|Any CPU.Build.0 = Release|Any CPU
	EndGlobalSection
	GlobalSection(SolutionProperties) = preSolution
		HideSolutionNode = FALSE
	EndGlobalSection
	GlobalSection(ExtensibilityGlobals) = postSolution
		SolutionGuid = {B038C051-BA5D-47C7-80E0-DCD4B35DE282}
	EndGlobalSection
EndGlobal
